
Microsoft Visual Studio Solution File, Format Version 12.00
# Visual Studio Version 17
VisualStudioVersion = 17.4.33205.214
MinimumVisualStudioVersion = 10.0.40219.1
Project("{9A19103F-16F7-4668-BE54-9A1E7A4F7556}") = "PatikaDev-SharpProject", "PatikaDev-SharpProject\PatikaDev-SharpProject.csproj", "{A79D449D-CA9C-4B9F-A7CB-01E7F1FAB90F}"
EndProject
Project("{9A19103F-16F7-4668-BE54-9A1E7A4F7556}") = "Fibonacci", "Fibonacci\Fibonacci.csproj", "{2A931D3F-37B4-4BF4-8BC7-DB8EFC9A4E5A}"
EndProject
Project("{9A19103F-16F7-4668-BE54-9A1E7A4F7556}") = "TriangleApplication", "TriangleApplication\TriangleApplication.csproj", "{7C1DEE9B-4A64-4FD1-BFEC-9DD77C2AF047}"
EndProject
Project("{9A19103F-16F7-4668-BE54-9A1E7A4F7556}") = "CircleDrawer", "CircleDrawer\CircleDrawer.csproj", "{DFC51737-32E1-499E-9C0C-6EFAC5601C37}"
EndProject
Project("{9A19103F-16F7-4668-BE54-9A1E7A4F7556}") = "Algoritma", "Algoritma\Algoritma.csproj", "{17B8EBA6-E30C-4711-A815-AEAD23076441}"
EndProject
Project("{9A19103F-16F7-4668-BE54-9A1E7A4F7556}") = "CharacterReversePrint", "CharacterReversePrint\CharacterReversePrint.csproj", "{8B2A2459-3DB9-4E19-B169-AC5277AC8DB9}"
EndProject
Project("{9A19103F-16F7-4668-BE54-9A1E7A4F7556}") = "AreaCalculation", "AreaCalculation\AreaCalculation.csproj", "{12AD0771-BBBF-4BF7-AC0D-A2A24A5A5CD6}"
EndProject
Project("{9A19103F-16F7-4668-BE54-9A1E7A4F7556}") = "Integer-ikililerin-toplamı", "Integer-ikililerin-toplamı\Integer-ikililerin-toplamı.csproj", "{F59EB884-389F-48D2-8FAE-963B2B531EA8}"
EndProject
Project("{9A19103F-16F7-4668-BE54-9A1E7A4F7556}") = "MutlakAlma", "MutlakAlma\MutlakAlma.csproj", "{76CBA0CB-237E-42EE-996B-3ED1C617EA8C}"
EndProject
Project("{9A19103F-16F7-4668-BE54-9A1E7A4F7556}") = "CharacterReplacement", "CharacterReplacement\CharacterReplacement.csproj", "{946E09D5-EB11-41EB-8332-48C505C205B2}"
EndProject
Project("{9A19103F-16F7-4668-BE54-9A1E7A4F7556}") = "SessizHarf", "SessizHarf\SessizHarf.csproj", "{87E0F99D-8F12-4C62-A84C-332087EA2249}"
EndProject
Project("{9A19103F-16F7-4668-BE54-9A1E7A4F7556}") = "VotingApp", "VotingApp\VotingApp.csproj", "{1DFC02F0-7B70-4C41-AC9D-38BFE3B621FF}"
EndProject
Project("{9A19103F-16F7-4668-BE54-9A1E7A4F7556}") = "ATM-App", "ATM-App\ATM-App.csproj", "{635879F2-E6B6-4746-9CDD-AE0324D4A487}"
EndProject
Project("{9A19103F-16F7-4668-BE54-9A1E7A4F7556}") = "BarcodeGeneratorReader", "BarcodeGeneratorReader\BarcodeGeneratorReader.csproj", "{CBE2F4FF-B3D3-4F76-AB5F-7CABAC4047B5}"
EndProject
Project("{9A19103F-16F7-4668-BE54-9A1E7A4F7556}") = "QR-CODE-FormApp", "QR-CODE-FormApp\QR-CODE-FormApp.csproj", "{2285CC36-73D1-41A6-AB6F-5EF6EAB695AC}"
EndProject
Project("{9A19103F-16F7-4668-BE54-9A1E7A4F7556}") = "SerdarOrtac", "SerdarOrtac\SerdarOrtac.csproj", "{E7A4BBD3-0CD5-4D32-811C-8D8B58D9E900}"
EndProject
Project("{9A19103F-16F7-4668-BE54-9A1E7A4F7556}") = "81sehir", "81sehir\81sehir.csproj", "{676C9AA9-466F-4A50-9104-D06033E9620C}"
EndProject
Project("{9A19103F-16F7-4668-BE54-9A1E7A4F7556}") = "HowMuchShouldIGetFromTheFinal", "HowMuchShouldIGetFromTheFinal\HowMuchShouldIGetFromTheFinal.csproj", "{5810AEEA-B3FA-432B-AC20-D011A53E05E5}"
EndProject
Project("{FAE04EC0-301F-11D3-BF4B-00C04F79EFBC}") = "LinQ", "LinQ\LinQ.csproj", "{E549815A-C0B7-4D8A-933A-64E6EA01ED7D}"
EndProject
Global
	GlobalSection(SolutionConfigurationPlatforms) = preSolution
		Debug|Any CPU = Debug|Any CPU
		Release|Any CPU = Release|Any CPU
	EndGlobalSection
	GlobalSection(ProjectConfigurationPlatforms) = postSolution
		{A79D449D-CA9C-4B9F-A7CB-01E7F1FAB90F}.Debug|Any CPU.ActiveCfg = Debug|Any CPU
		{A79D449D-CA9C-4B9F-A7CB-01E7F1FAB90F}.Debug|Any CPU.Build.0 = Debug|Any CPU
		{A79D449D-CA9C-4B9F-A7CB-01E7F1FAB90F}.Release|Any CPU.ActiveCfg = Release|Any CPU
		{A79D449D-CA9C-4B9F-A7CB-01E7F1FAB90F}.Release|Any CPU.Build.0 = Release|Any CPU
		{2A931D3F-37B4-4BF4-8BC7-DB8EFC9A4E5A}.Debug|Any CPU.ActiveCfg = Debug|Any CPU
		{2A931D3F-37B4-4BF4-8BC7-DB8EFC9A4E5A}.Debug|Any CPU.Build.0 = Debug|Any CPU
		{2A931D3F-37B4-4BF4-8BC7-DB8EFC9A4E5A}.Release|Any CPU.ActiveCfg = Release|Any CPU
		{2A931D3F-37B4-4BF4-8BC7-DB8EFC9A4E5A}.Release|Any CPU.Build.0 = Release|Any CPU
		{7C1DEE9B-4A64-4FD1-BFEC-9DD77C2AF047}.Debug|Any CPU.ActiveCfg = Debug|Any CPU
		{7C1DEE9B-4A64-4FD1-BFEC-9DD77C2AF047}.Debug|Any CPU.Build.0 = Debug|Any CPU
		{7C1DEE9B-4A64-4FD1-BFEC-9DD77C2AF047}.Release|Any CPU.ActiveCfg = Release|Any CPU
		{7C1DEE9B-4A64-4FD1-BFEC-9DD77C2AF047}.Release|Any CPU.Build.0 = Release|Any CPU
		{DFC51737-32E1-499E-9C0C-6EFAC5601C37}.Debug|Any CPU.ActiveCfg = Debug|Any CPU
		{DFC51737-32E1-499E-9C0C-6EFAC5601C37}.Debug|Any CPU.Build.0 = Debug|Any CPU
		{DFC51737-32E1-499E-9C0C-6EFAC5601C37}.Release|Any CPU.ActiveCfg = Release|Any CPU
		{DFC51737-32E1-499E-9C0C-6EFAC5601C37}.Release|Any CPU.Build.0 = Release|Any CPU
		{17B8EBA6-E30C-4711-A815-AEAD23076441}.Debug|Any CPU.ActiveCfg = Debug|Any CPU
		{17B8EBA6-E30C-4711-A815-AEAD23076441}.Debug|Any CPU.Build.0 = Debug|Any CPU
		{17B8EBA6-E30C-4711-A815-AEAD23076441}.Release|Any CPU.ActiveCfg = Release|Any CPU
		{17B8EBA6-E30C-4711-A815-AEAD23076441}.Release|Any CPU.Build.0 = Release|Any CPU
		{8B2A2459-3DB9-4E19-B169-AC5277AC8DB9}.Debug|Any CPU.ActiveCfg = Debug|Any CPU
		{8B2A2459-3DB9-4E19-B169-AC5277AC8DB9}.Debug|Any CPU.Build.0 = Debug|Any CPU
		{8B2A2459-3DB9-4E19-B169-AC5277AC8DB9}.Release|Any CPU.ActiveCfg = Release|Any CPU
		{8B2A2459-3DB9-4E19-B169-AC5277AC8DB9}.Release|Any CPU.Build.0 = Release|Any CPU
		{12AD0771-BBBF-4BF7-AC0D-A2A24A5A5CD6}.Debug|Any CPU.ActiveCfg = Debug|Any CPU
		{12AD0771-BBBF-4BF7-AC0D-A2A24A5A5CD6}.Debug|Any CPU.Build.0 = Debug|Any CPU
		{12AD0771-BBBF-4BF7-AC0D-A2A24A5A5CD6}.Release|Any CPU.ActiveCfg = Release|Any CPU
		{12AD0771-BBBF-4BF7-AC0D-A2A24A5A5CD6}.Release|Any CPU.Build.0 = Release|Any CPU
		{F59EB884-389F-48D2-8FAE-963B2B531EA8}.Debug|Any CPU.ActiveCfg = Debug|Any CPU
		{F59EB884-389F-48D2-8FAE-963B2B531EA8}.Debug|Any CPU.Build.0 = Debug|Any CPU
		{F59EB884-389F-48D2-8FAE-963B2B531EA8}.Release|Any CPU.ActiveCfg = Release|Any CPU
		{F59EB884-389F-48D2-8FAE-963B2B531EA8}.Release|Any CPU.Build.0 = Release|Any CPU
		{76CBA0CB-237E-42EE-996B-3ED1C617EA8C}.Debug|Any CPU.ActiveCfg = Debug|Any CPU
		{76CBA0CB-237E-42EE-996B-3ED1C617EA8C}.Debug|Any CPU.Build.0 = Debug|Any CPU
		{76CBA0CB-237E-42EE-996B-3ED1C617EA8C}.Release|Any CPU.ActiveCfg = Release|Any CPU
		{76CBA0CB-237E-42EE-996B-3ED1C617EA8C}.Release|Any CPU.Build.0 = Release|Any CPU
		{946E09D5-EB11-41EB-8332-48C505C205B2}.Debug|Any CPU.ActiveCfg = Debug|Any CPU
		{946E09D5-EB11-41EB-8332-48C505C205B2}.Debug|Any CPU.Build.0 = Debug|Any CPU
		{946E09D5-EB11-41EB-8332-48C505C205B2}.Release|Any CPU.ActiveCfg = Release|Any CPU
		{946E09D5-EB11-41EB-8332-48C505C205B2}.Release|Any CPU.Build.0 = Release|Any CPU
		{87E0F99D-8F12-4C62-A84C-332087EA2249}.Debug|Any CPU.ActiveCfg = Debug|Any CPU
		{87E0F99D-8F12-4C62-A84C-332087EA2249}.Debug|Any CPU.Build.0 = Debug|Any CPU
		{87E0F99D-8F12-4C62-A84C-332087EA2249}.Release|Any CPU.ActiveCfg = Release|Any CPU
		{87E0F99D-8F12-4C62-A84C-332087EA2249}.Release|Any CPU.Build.0 = Release|Any CPU
		{1DFC02F0-7B70-4C41-AC9D-38BFE3B621FF}.Debug|Any CPU.ActiveCfg = Debug|Any CPU
		{1DFC02F0-7B70-4C41-AC9D-38BFE3B621FF}.Debug|Any CPU.Build.0 = Debug|Any CPU
		{1DFC02F0-7B70-4C41-AC9D-38BFE3B621FF}.Release|Any CPU.ActiveCfg = Release|Any CPU
		{1DFC02F0-7B70-4C41-AC9D-38BFE3B621FF}.Release|Any CPU.Build.0 = Release|Any CPU
		{635879F2-E6B6-4746-9CDD-AE0324D4A487}.Debug|Any CPU.ActiveCfg = Debug|Any CPU
		{635879F2-E6B6-4746-9CDD-AE0324D4A487}.Debug|Any CPU.Build.0 = Debug|Any CPU
		{635879F2-E6B6-4746-9CDD-AE0324D4A487}.Release|Any CPU.ActiveCfg = Release|Any CPU
		{635879F2-E6B6-4746-9CDD-AE0324D4A487}.Release|Any CPU.Build.0 = Release|Any CPU
		{CBE2F4FF-B3D3-4F76-AB5F-7CABAC4047B5}.Debug|Any CPU.ActiveCfg = Debug|Any CPU
		{CBE2F4FF-B3D3-4F76-AB5F-7CABAC4047B5}.Debug|Any CPU.Build.0 = Debug|Any CPU
		{CBE2F4FF-B3D3-4F76-AB5F-7CABAC4047B5}.Release|Any CPU.ActiveCfg = Release|Any CPU
		{CBE2F4FF-B3D3-4F76-AB5F-7CABAC4047B5}.Release|Any CPU.Build.0 = Release|Any CPU
		{2285CC36-73D1-41A6-AB6F-5EF6EAB695AC}.Debug|Any CPU.ActiveCfg = Debug|Any CPU
		{2285CC36-73D1-41A6-AB6F-5EF6EAB695AC}.Debug|Any CPU.Build.0 = Debug|Any CPU
		{2285CC36-73D1-41A6-AB6F-5EF6EAB695AC}.Release|Any CPU.ActiveCfg = Release|Any CPU
		{2285CC36-73D1-41A6-AB6F-5EF6EAB695AC}.Release|Any CPU.Build.0 = Release|Any CPU
		{E7A4BBD3-0CD5-4D32-811C-8D8B58D9E900}.Debug|Any CPU.ActiveCfg = Debug|Any CPU
		{E7A4BBD3-0CD5-4D32-811C-8D8B58D9E900}.Debug|Any CPU.Build.0 = Debug|Any CPU
		{E7A4BBD3-0CD5-4D32-811C-8D8B58D9E900}.Release|Any CPU.ActiveCfg = Release|Any CPU
		{E7A4BBD3-0CD5-4D32-811C-8D8B58D9E900}.Release|Any CPU.Build.0 = Release|Any CPU
		{676C9AA9-466F-4A50-9104-D06033E9620C}.Debug|Any CPU.ActiveCfg = Debug|Any CPU
		{676C9AA9-466F-4A50-9104-D06033E9620C}.Debug|Any CPU.Build.0 = Debug|Any CPU
		{676C9AA9-466F-4A50-9104-D06033E9620C}.Release|Any CPU.ActiveCfg = Release|Any CPU
		{676C9AA9-466F-4A50-9104-D06033E9620C}.Release|Any CPU.Build.0 = Release|Any CPU
		{5810AEEA-B3FA-432B-AC20-D011A53E05E5}.Debug|Any CPU.ActiveCfg = Debug|Any CPU
		{5810AEEA-B3FA-432B-AC20-D011A53E05E5}.Debug|Any CPU.Build.0 = Debug|Any CPU
		{5810AEEA-B3FA-432B-AC20-D011A53E05E5}.Release|Any CPU.ActiveCfg = Release|Any CPU
		{5810AEEA-B3FA-432B-AC20-D011A53E05E5}.Release|Any CPU.Build.0 = Release|Any CPU
		{E549815A-C0B7-4D8A-933A-64E6EA01ED7D}.Debug|Any CPU.ActiveCfg = Debug|Any CPU
		{E549815A-C0B7-4D8A-933A-64E6EA01ED7D}.Debug|Any CPU.Build.0 = Debug|Any CPU
		{E549815A-C0B7-4D8A-933A-64E6EA01ED7D}.Release|Any CPU.ActiveCfg = Release|Any CPU
		{E549815A-C0B7-4D8A-933A-64E6EA01ED7D}.Release|Any CPU.Build.0 = Release|Any CPU
	EndGlobalSection
	GlobalSection(SolutionProperties) = preSolution
		HideSolutionNode = FALSE
	EndGlobalSection
	GlobalSection(ExtensibilityGlobals) = postSolution
		SolutionGuid = {AEBF8C17-2187-4115-B887-143063A20038}
	EndGlobalSection
EndGlobal
